
Microsoft Visual Studio Solution File, Format Version 12.00
# Visual Studio Version 17
VisualStudioVersion = 17.10.35122.118
MinimumVisualStudioVersion = 10.0.40219.1
Project("{FAE04EC0-301F-11D3-BF4B-00C04F79EFBC}") = "Geomio", "Geomio.csproj", "{3A348629-E26B-4CEC-BD3B-C73FA08A71BD}"
EndProject
Global
	GlobalSection(SolutionConfigurationPlatforms) = preSolution
		Debug|Any CPU = Debug|Any CPU
		Release|Any CPU = Release|Any CPU
	EndGlobalSection
	GlobalSection(ProjectConfigurationPlatforms) = postSolution
		{3A348629-E26B-4CEC-BD3B-C73FA08A71BD}.Debug|Any CPU.ActiveCfg = Debug|Any CPU
		{3A348629-E26B-4CEC-BD3B-C73FA08A71BD}.Debug|Any CPU.Build.0 = Debug|Any CPU
		{3A348629-E26B-4CEC-BD3B-C73FA08A71BD}.Release|Any CPU.ActiveCfg = Release|Any CPU
		{3A348629-E26B-4CEC-BD3B-C73FA08A71BD}.Release|Any CPU.Build.0 = Release|Any CPU
	EndGlobalSection
	GlobalSection(SolutionProperties) = preSolution
		HideSolutionNode = FALSE
	EndGlobalSection
	GlobalSection(ExtensibilityGlobals) = postSolution
		SolutionGuid = {287D38A4-D96D-4852-B68F-3C7A0F1C34E1}
	EndGlobalSection
EndGlobal
